
Microsoft Visual Studio Solution File, Format Version 12.00
# Visual Studio 15
VisualStudioVersion = 15.0.27428.2015
MinimumVisualStudioVersion = 10.0.40219.1
Project("{FAE04EC0-301F-11D3-BF4B-00C04F79EFBC}") = "ID4Test", "ID4Test\ID4Test.csproj", "{AD775C03-4156-47A6-BA6A-590F0CCABAA5}"
EndProject
Global
	GlobalSection(SolutionConfigurationPlatforms) = preSolution
		Debug|Any CPU = Debug|Any CPU
		Release|Any CPU = Release|Any CPU
	EndGlobalSection
	GlobalSection(ProjectConfigurationPlatforms) = postSolution
		{AD775C03-4156-47A6-BA6A-590F0CCABAA5}.Debug|Any CPU.ActiveCfg = Debug|Any CPU
		{AD775C03-4156-47A6-BA6A-590F0CCABAA5}.Debug|Any CPU.Build.0 = Debug|Any CPU
		{AD775C03-4156-47A6-BA6A-590F0CCABAA5}.Release|Any CPU.ActiveCfg = Release|Any CPU
		{AD775C03-4156-47A6-BA6A-590F0CCABAA5}.Release|Any CPU.Build.0 = Release|Any CPU
	EndGlobalSection
	GlobalSection(SolutionProperties) = preSolution
		HideSolutionNode = FALSE
	EndGlobalSection
	GlobalSection(ExtensibilityGlobals) = postSolution
		SolutionGuid = {2C354DA7-B145-4F07-A1A2-8FAEA0D8ADC8}
	EndGlobalSection
EndGlobal
